
Microsoft Visual Studio Solution File, Format Version 12.00
# Visual Studio Version 17
VisualStudioVersion = 17.6.33620.401
MinimumVisualStudioVersion = 10.0.40219.1
Project("{FAE04EC0-301F-11D3-BF4B-00C04F79EFBC}") = "ConsoleApp4", "ConsoleApp4\ConsoleApp4.csproj", "{78056E9F-FA1E-48C1-A772-6DAD9B937B9E}"
EndProject
Global
	GlobalSection(SolutionConfigurationPlatforms) = preSolution
		Debug|Any CPU = Debug|Any CPU
		Release|Any CPU = Release|Any CPU
	EndGlobalSection
	GlobalSection(ProjectConfigurationPlatforms) = postSolution
		{78056E9F-FA1E-48C1-A772-6DAD9B937B9E}.Debug|Any CPU.ActiveCfg = Debug|Any CPU
		{78056E9F-FA1E-48C1-A772-6DAD9B937B9E}.Debug|Any CPU.Build.0 = Debug|Any CPU
		{78056E9F-FA1E-48C1-A772-6DAD9B937B9E}.Release|Any CPU.ActiveCfg = Release|Any CPU
		{78056E9F-FA1E-48C1-A772-6DAD9B937B9E}.Release|Any CPU.Build.0 = Release|Any CPU
	EndGlobalSection
	GlobalSection(SolutionProperties) = preSolution
		HideSolutionNode = FALSE
	EndGlobalSection
	GlobalSection(ExtensibilityGlobals) = postSolution
		SolutionGuid = {6D306D04-1966-45FD-B98E-0EFED235AA4C}
	EndGlobalSection
EndGlobal
